
Microsoft Visual Studio Solution File, Format Version 12.00
# Visual Studio Version 16
VisualStudioVersion = 16.0.30907.101
MinimumVisualStudioVersion = 10.0.40219.1
Project("{FAE04EC0-301F-11D3-BF4B-00C04F79EFBC}") = "ValueConverter", "ValueConverter\ValueConverter.csproj", "{A1BE9867-EAE0-48FC-9741-FFC63A2475A7}"
EndProject
Global
	GlobalSection(SolutionConfigurationPlatforms) = preSolution
		Debug|Any CPU = Debug|Any CPU
		Release|Any CPU = Release|Any CPU
	EndGlobalSection
	GlobalSection(ProjectConfigurationPlatforms) = postSolution
		{A1BE9867-EAE0-48FC-9741-FFC63A2475A7}.Debug|Any CPU.ActiveCfg = Debug|Any CPU
		{A1BE9867-EAE0-48FC-9741-FFC63A2475A7}.Debug|Any CPU.Build.0 = Debug|Any CPU
		{A1BE9867-EAE0-48FC-9741-FFC63A2475A7}.Release|Any CPU.ActiveCfg = Release|Any CPU
		{A1BE9867-EAE0-48FC-9741-FFC63A2475A7}.Release|Any CPU.Build.0 = Release|Any CPU
	EndGlobalSection
	GlobalSection(SolutionProperties) = preSolution
		HideSolutionNode = FALSE
	EndGlobalSection
	GlobalSection(ExtensibilityGlobals) = postSolution
		SolutionGuid = {B6C1262D-925E-4691-9E06-8095C29EF9ED}
	EndGlobalSection
EndGlobal
